// !$*UTF8*$!
{
	archiveVersion = 1;
	classes = {
	};
	objectVersion = 50;
	objects = {

/* Begin PBXBuildFile section */
		7BFE68209CBA418C59B7D730 /* Pods_Worky.framework in Frameworks */ = {isa = PBXBuildFile; fileRef = EE9253830AF454710EC6ED51 /* Pods_Worky.framework */; };
		D021083B223F988600D9C8F8 /* TaskListViewModel.swift in Sources */ = {isa = PBXBuildFile; fileRef = D021083A223F988600D9C8F8 /* TaskListViewModel.swift */; };
		D02CFF262252A4FA00154C06 /* UIColor+DefineColors.swift in Sources */ = {isa = PBXBuildFile; fileRef = D02CFF252252A4FA00154C06 /* UIColor+DefineColors.swift */; };
		D0303EB2223ED89700F090CA /* TaskDetailsViewController.swift in Sources */ = {isa = PBXBuildFile; fileRef = D0303EB1223ED89700F090CA /* TaskDetailsViewController.swift */; };
		D05632E5224040CE0062AD23 /* TimeInterval+TimeFormat.swift in Sources */ = {isa = PBXBuildFile; fileRef = D05632E4224040CE0062AD23 /* TimeInterval+TimeFormat.swift */; };
		D06758282252B28D0071C254 /* UIViewController+Alerts.swift in Sources */ = {isa = PBXBuildFile; fileRef = D06758272252B28D0071C254 /* UIViewController+Alerts.swift */; };
		D0675830225361690071C254 /* TasksDAO.swift in Sources */ = {isa = PBXBuildFile; fileRef = D067582F225361690071C254 /* TasksDAO.swift */; };
		D0675832225362530071C254 /* TasksRepo.swift in Sources */ = {isa = PBXBuildFile; fileRef = D0675831225362530071C254 /* TasksRepo.swift */; };
		D0675834225363310071C254 /* DBInterface.swift in Sources */ = {isa = PBXBuildFile; fileRef = D0675833225363310071C254 /* DBInterface.swift */; };
		D0675838225384780071C254 /* TaskDetailsViewModel.swift in Sources */ = {isa = PBXBuildFile; fileRef = D0675837225384780071C254 /* TaskDetailsViewModel.swift */; };
		D067583C225392DE0071C254 /* HistoryTableViewCell.swift in Sources */ = {isa = PBXBuildFile; fileRef = D067583B225392DE0071C254 /* HistoryTableViewCell.swift */; };
		D08C9027222B09EC000F7B72 /* AppDelegate.swift in Sources */ = {isa = PBXBuildFile; fileRef = D08C9026222B09EC000F7B72 /* AppDelegate.swift */; };
		D08C9029222B09EC000F7B72 /* TaskListViewController.swift in Sources */ = {isa = PBXBuildFile; fileRef = D08C9028222B09EC000F7B72 /* TaskListViewController.swift */; };
		D08C902C222B09EC000F7B72 /* Main.storyboard in Resources */ = {isa = PBXBuildFile; fileRef = D08C902A222B09EC000F7B72 /* Main.storyboard */; };
		D08C902F222B09EC000F7B72 /* Worky.xcdatamodeld in Sources */ = {isa = PBXBuildFile; fileRef = D08C902D222B09EC000F7B72 /* Worky.xcdatamodeld */; };
		D08C9031222B09EC000F7B72 /* Assets.xcassets in Resources */ = {isa = PBXBuildFile; fileRef = D08C9030222B09EC000F7B72 /* Assets.xcassets */; };
		D08C9034222B09EC000F7B72 /* LaunchScreen.storyboard in Resources */ = {isa = PBXBuildFile; fileRef = D08C9032222B09EC000F7B72 /* LaunchScreen.storyboard */; };
		D08C9041222B20CF000F7B72 /* TaskListTableViewCell.swift in Sources */ = {isa = PBXBuildFile; fileRef = D08C9040222B20CF000F7B72 /* TaskListTableViewCell.swift */; };
		D0C6A75722551778001890C5 /* TaskInfoViewController.swift in Sources */ = {isa = PBXBuildFile; fileRef = D0C6A75622551778001890C5 /* TaskInfoViewController.swift */; };
		D0C6A75922551830001890C5 /* TaskInfoViewModel.swift in Sources */ = {isa = PBXBuildFile; fileRef = D0C6A75822551830001890C5 /* TaskInfoViewModel.swift */; };
		D0C6A75B2255255B001890C5 /* BaseDAO.swift in Sources */ = {isa = PBXBuildFile; fileRef = D0C6A75A2255255B001890C5 /* BaseDAO.swift */; };
		D0C6A75D22552DD6001890C5 /* NSObject+Vibration.swift in Sources */ = {isa = PBXBuildFile; fileRef = D0C6A75C22552DD5001890C5 /* NSObject+Vibration.swift */; };
/* End PBXBuildFile section */

/* Begin PBXFileReference section */
		345B961FD20EA2E84750851E /* Pods-Worky.release.xcconfig */ = {isa = PBXFileReference; includeInIndex = 1; lastKnownFileType = text.xcconfig; name = "Pods-Worky.release.xcconfig"; path = "Target Support Files/Pods-Worky/Pods-Worky.release.xcconfig"; sourceTree = "<group>"; };
		4C9F35764EC8A6C530458F82 /* Pods-Worky.debug.xcconfig */ = {isa = PBXFileReference; includeInIndex = 1; lastKnownFileType = text.xcconfig; name = "Pods-Worky.debug.xcconfig"; path = "Target Support Files/Pods-Worky/Pods-Worky.debug.xcconfig"; sourceTree = "<group>"; };
		D021083A223F988600D9C8F8 /* TaskListViewModel.swift */ = {isa = PBXFileReference; lastKnownFileType = sourcecode.swift; path = TaskListViewModel.swift; sourceTree = "<group>"; };
		D02CFF252252A4FA00154C06 /* UIColor+DefineColors.swift */ = {isa = PBXFileReference; lastKnownFileType = sourcecode.swift; path = "UIColor+DefineColors.swift"; sourceTree = "<group>"; };
		D0303EB1223ED89700F090CA /* TaskDetailsViewController.swift */ = {isa = PBXFileReference; lastKnownFileType = sourcecode.swift; path = TaskDetailsViewController.swift; sourceTree = "<group>"; };
		D05632E4224040CE0062AD23 /* TimeInterval+TimeFormat.swift */ = {isa = PBXFileReference; lastKnownFileType = sourcecode.swift; path = "TimeInterval+TimeFormat.swift"; sourceTree = "<group>"; };
		D06758272252B28D0071C254 /* UIViewController+Alerts.swift */ = {isa = PBXFileReference; lastKnownFileType = sourcecode.swift; path = "UIViewController+Alerts.swift"; sourceTree = "<group>"; };
		D067582F225361690071C254 /* TasksDAO.swift */ = {isa = PBXFileReference; lastKnownFileType = sourcecode.swift; path = TasksDAO.swift; sourceTree = "<group>"; };
		D0675831225362530071C254 /* TasksRepo.swift */ = {isa = PBXFileReference; lastKnownFileType = sourcecode.swift; path = TasksRepo.swift; sourceTree = "<group>"; };
		D0675833225363310071C254 /* DBInterface.swift */ = {isa = PBXFileReference; lastKnownFileType = sourcecode.swift; path = DBInterface.swift; sourceTree = "<group>"; };
		D0675837225384780071C254 /* TaskDetailsViewModel.swift */ = {isa = PBXFileReference; lastKnownFileType = sourcecode.swift; path = TaskDetailsViewModel.swift; sourceTree = "<group>"; };
		D067583B225392DE0071C254 /* HistoryTableViewCell.swift */ = {isa = PBXFileReference; lastKnownFileType = sourcecode.swift; path = HistoryTableViewCell.swift; sourceTree = "<group>"; };
		D08C9023222B09EC000F7B72 /* Worky.app */ = {isa = PBXFileReference; explicitFileType = wrapper.application; includeInIndex = 0; path = Worky.app; sourceTree = BUILT_PRODUCTS_DIR; };
		D08C9026222B09EC000F7B72 /* AppDelegate.swift */ = {isa = PBXFileReference; lastKnownFileType = sourcecode.swift; path = AppDelegate.swift; sourceTree = "<group>"; };
		D08C9028222B09EC000F7B72 /* TaskListViewController.swift */ = {isa = PBXFileReference; lastKnownFileType = sourcecode.swift; path = TaskListViewController.swift; sourceTree = "<group>"; };
		D08C902B222B09EC000F7B72 /* Base */ = {isa = PBXFileReference; lastKnownFileType = file.storyboard; name = Base; path = Base.lproj/Main.storyboard; sourceTree = "<group>"; };
		D08C902E222B09EC000F7B72 /* Worky.xcdatamodel */ = {isa = PBXFileReference; lastKnownFileType = wrapper.xcdatamodel; path = Worky.xcdatamodel; sourceTree = "<group>"; };
		D08C9030222B09EC000F7B72 /* Assets.xcassets */ = {isa = PBXFileReference; lastKnownFileType = folder.assetcatalog; path = Assets.xcassets; sourceTree = "<group>"; };
		D08C9033222B09EC000F7B72 /* Base */ = {isa = PBXFileReference; lastKnownFileType = file.storyboard; name = Base; path = Base.lproj/LaunchScreen.storyboard; sourceTree = "<group>"; };
		D08C9035222B09EC000F7B72 /* Info.plist */ = {isa = PBXFileReference; lastKnownFileType = text.plist.xml; path = Info.plist; sourceTree = "<group>"; };
		D08C9040222B20CF000F7B72 /* TaskListTableViewCell.swift */ = {isa = PBXFileReference; lastKnownFileType = sourcecode.swift; path = TaskListTableViewCell.swift; sourceTree = "<group>"; };
		D0C6A75622551778001890C5 /* TaskInfoViewController.swift */ = {isa = PBXFileReference; lastKnownFileType = sourcecode.swift; path = TaskInfoViewController.swift; sourceTree = "<group>"; };
		D0C6A75822551830001890C5 /* TaskInfoViewModel.swift */ = {isa = PBXFileReference; lastKnownFileType = sourcecode.swift; path = TaskInfoViewModel.swift; sourceTree = "<group>"; };
		D0C6A75A2255255B001890C5 /* BaseDAO.swift */ = {isa = PBXFileReference; lastKnownFileType = sourcecode.swift; path = BaseDAO.swift; sourceTree = "<group>"; };
		D0C6A75C22552DD5001890C5 /* NSObject+Vibration.swift */ = {isa = PBXFileReference; lastKnownFileType = sourcecode.swift; path = "NSObject+Vibration.swift"; sourceTree = "<group>"; };
		EE9253830AF454710EC6ED51 /* Pods_Worky.framework */ = {isa = PBXFileReference; explicitFileType = wrapper.framework; includeInIndex = 0; path = Pods_Worky.framework; sourceTree = BUILT_PRODUCTS_DIR; };
/* End PBXFileReference section */

/* Begin PBXFrameworksBuildPhase section */
		D08C9020222B09EC000F7B72 /* Frameworks */ = {
			isa = PBXFrameworksBuildPhase;
			buildActionMask = 2147483647;
			files = (
				7BFE68209CBA418C59B7D730 /* Pods_Worky.framework in Frameworks */,
			);
			runOnlyForDeploymentPostprocessing = 0;
		};
/* End PBXFrameworksBuildPhase section */

/* Begin PBXGroup section */
		1CD387737E080D39206FBB07 /* Frameworks */ = {
			isa = PBXGroup;
			children = (
				EE9253830AF454710EC6ED51 /* Pods_Worky.framework */,
			);
			name = Frameworks;
			sourceTree = "<group>";
		};
		D021083E223F996400D9C8F8 /* Validation */ = {
			isa = PBXGroup;
			children = (
			);
			path = Validation;
			sourceTree = "<group>";
		};
		D0303EB0223ED86C00F090CA /* Task Details */ = {
			isa = PBXGroup;
			children = (
				D067583A225392BD0071C254 /* cell */,
				D0303EB1223ED89700F090CA /* TaskDetailsViewController.swift */,
				D0675837225384780071C254 /* TaskDetailsViewModel.swift */,
			);
			path = "Task Details";
			sourceTree = "<group>";
		};
		D05632E3224040B20062AD23 /* Extention */ = {
			isa = PBXGroup;
			children = (
				D05632E4224040CE0062AD23 /* TimeInterval+TimeFormat.swift */,
				D02CFF252252A4FA00154C06 /* UIColor+DefineColors.swift */,
				D06758272252B28D0071C254 /* UIViewController+Alerts.swift */,
				D0C6A75C22552DD5001890C5 /* NSObject+Vibration.swift */,
			);
			path = Extention;
			sourceTree = "<group>";
		};
		D067582D22535D440071C254 /* CoreData */ = {
			isa = PBXGroup;
			children = (
				D067582E2253613D0071C254 /* Tasks */,
				D0675833225363310071C254 /* DBInterface.swift */,
				D0C6A75A2255255B001890C5 /* BaseDAO.swift */,
			);
			path = CoreData;
			sourceTree = "<group>";
		};
		D067582E2253613D0071C254 /* Tasks */ = {
			isa = PBXGroup;
			children = (
				D0675831225362530071C254 /* TasksRepo.swift */,
				D067582F225361690071C254 /* TasksDAO.swift */,
			);
			path = Tasks;
			sourceTree = "<group>";
		};
		D067583A225392BD0071C254 /* cell */ = {
			isa = PBXGroup;
			children = (
				D067583B225392DE0071C254 /* HistoryTableViewCell.swift */,
			);
			path = cell;
			sourceTree = "<group>";
		};
		D08C901A222B09EC000F7B72 = {
			isa = PBXGroup;
			children = (
				D08C9025222B09EC000F7B72 /* Worky */,
				D08C9024222B09EC000F7B72 /* Products */,
				DC9DE01BAC8F4318373A4C5F /* Pods */,
				1CD387737E080D39206FBB07 /* Frameworks */,
			);
			sourceTree = "<group>";
		};
		D08C9024222B09EC000F7B72 /* Products */ = {
			isa = PBXGroup;
			children = (
				D08C9023222B09EC000F7B72 /* Worky.app */,
			);
			name = Products;
			sourceTree = "<group>";
		};
		D08C9025222B09EC000F7B72 /* Worky */ = {
			isa = PBXGroup;
			children = (
				D067582D22535D440071C254 /* CoreData */,
				D05632E3224040B20062AD23 /* Extention */,
				D08C903D222B208E000F7B72 /* UI */,
				D08C9026222B09EC000F7B72 /* AppDelegate.swift */,
				D08C9030222B09EC000F7B72 /* Assets.xcassets */,
				D08C9035222B09EC000F7B72 /* Info.plist */,
				D08C902D222B09EC000F7B72 /* Worky.xcdatamodeld */,
			);
			path = Worky;
			sourceTree = "<group>";
		};
		D08C903D222B208E000F7B72 /* UI */ = {
			isa = PBXGroup;
			children = (
				D021083E223F996400D9C8F8 /* Validation */,
				D08C9042222B3918000F7B72 /* Screens */,
				D08C902A222B09EC000F7B72 /* Main.storyboard */,
				D08C9032222B09EC000F7B72 /* LaunchScreen.storyboard */,
			);
			path = UI;
			sourceTree = "<group>";
		};
		D08C903E222B2099000F7B72 /* Task List */ = {
			isa = PBXGroup;
			children = (
				D08C903F222B20A5000F7B72 /* cell */,
				D08C9028222B09EC000F7B72 /* TaskListViewController.swift */,
				D021083A223F988600D9C8F8 /* TaskListViewModel.swift */,
			);
			path = "Task List";
			sourceTree = "<group>";
		};
		D08C903F222B20A5000F7B72 /* cell */ = {
			isa = PBXGroup;
			children = (
				D08C9040222B20CF000F7B72 /* TaskListTableViewCell.swift */,
			);
			path = cell;
			sourceTree = "<group>";
		};
		D08C9042222B3918000F7B72 /* Screens */ = {
			isa = PBXGroup;
			children = (
				D0C6A75522551760001890C5 /* Task Info */,
				D0303EB0223ED86C00F090CA /* Task Details */,
				D08C903E222B2099000F7B72 /* Task List */,
			);
			path = Screens;
			sourceTree = "<group>";
		};
		D0C6A75522551760001890C5 /* Task Info */ = {
			isa = PBXGroup;
			children = (
				D0C6A75622551778001890C5 /* TaskInfoViewController.swift */,
				D0C6A75822551830001890C5 /* TaskInfoViewModel.swift */,
			);
			path = "Task Info";
			sourceTree = "<group>";
		};
		DC9DE01BAC8F4318373A4C5F /* Pods */ = {
			isa = PBXGroup;
			children = (
				4C9F35764EC8A6C530458F82 /* Pods-Worky.debug.xcconfig */,
				345B961FD20EA2E84750851E /* Pods-Worky.release.xcconfig */,
			);
			path = Pods;
			sourceTree = "<group>";
		};
/* End PBXGroup section */

/* Begin PBXNativeTarget section */
		D08C9022222B09EC000F7B72 /* Worky */ = {
			isa = PBXNativeTarget;
			buildConfigurationList = D08C9038222B09EC000F7B72 /* Build configuration list for PBXNativeTarget "Worky" */;
			buildPhases = (
				6A1FB99BD12A7411F06FEF6D /* [CP] Check Pods Manifest.lock */,
				D08C901F222B09EC000F7B72 /* Sources */,
				D08C9020222B09EC000F7B72 /* Frameworks */,
				D08C9021222B09EC000F7B72 /* Resources */,
				541C33698FC2446E379E4224 /* [CP] Embed Pods Frameworks */,
				D02CFF2422529CD200154C06 /* ShellScript */,
			);
			buildRules = (
			);
			dependencies = (
			);
			name = Worky;
			productName = Worky;
			productReference = D08C9023222B09EC000F7B72 /* Worky.app */;
			productType = "com.apple.product-type.application";
		};
/* End PBXNativeTarget section */

/* Begin PBXProject section */
		D08C901B222B09EC000F7B72 /* Project object */ = {
			isa = PBXProject;
			attributes = {
				LastSwiftUpdateCheck = 1010;
				LastUpgradeCheck = 1010;
				ORGANIZATIONNAME = "F Developers";
				TargetAttributes = {
					D08C9022222B09EC000F7B72 = {
						CreatedOnToolsVersion = 10.1;
					};
				};
			};
			buildConfigurationList = D08C901E222B09EC000F7B72 /* Build configuration list for PBXProject "Worky" */;
			compatibilityVersion = "Xcode 9.3";
			developmentRegion = en;
			hasScannedForEncodings = 0;
			knownRegions = (
				en,
				Base,
			);
			mainGroup = D08C901A222B09EC000F7B72;
			productRefGroup = D08C9024222B09EC000F7B72 /* Products */;
			projectDirPath = "";
			projectRoot = "";
			targets = (
				D08C9022222B09EC000F7B72 /* Worky */,
			);
		};
/* End PBXProject section */

/* Begin PBXResourcesBuildPhase section */
		D08C9021222B09EC000F7B72 /* Resources */ = {
			isa = PBXResourcesBuildPhase;
			buildActionMask = 2147483647;
			files = (
				D08C9034222B09EC000F7B72 /* LaunchScreen.storyboard in Resources */,
				D08C9031222B09EC000F7B72 /* Assets.xcassets in Resources */,
				D08C902C222B09EC000F7B72 /* Main.storyboard in Resources */,
			);
			runOnlyForDeploymentPostprocessing = 0;
		};
/* End PBXResourcesBuildPhase section */

/* Begin PBXShellScriptBuildPhase section */
		541C33698FC2446E379E4224 /* [CP] Embed Pods Frameworks */ = {
			isa = PBXShellScriptBuildPhase;
			buildActionMask = 2147483647;
			files = (
			);
			inputFileListPaths = (
			);
			inputPaths = (
				"${PODS_ROOT}/Target Support Files/Pods-Worky/Pods-Worky-frameworks.sh",
				"${BUILT_PRODUCTS_DIR}/Hero/Hero.framework",
				"${BUILT_PRODUCTS_DIR}/RxAtomic/RxAtomic.framework",
				"${BUILT_PRODUCTS_DIR}/RxCocoa/RxCocoa.framework",
				"${BUILT_PRODUCTS_DIR}/RxSwift/RxSwift.framework",
			);
			name = "[CP] Embed Pods Frameworks";
			outputFileListPaths = (
			);
			outputPaths = (
				"${TARGET_BUILD_DIR}/${FRAMEWORKS_FOLDER_PATH}/Hero.framework",
				"${TARGET_BUILD_DIR}/${FRAMEWORKS_FOLDER_PATH}/RxAtomic.framework",
				"${TARGET_BUILD_DIR}/${FRAMEWORKS_FOLDER_PATH}/RxCocoa.framework",
				"${TARGET_BUILD_DIR}/${FRAMEWORKS_FOLDER_PATH}/RxSwift.framework",
			);
			runOnlyForDeploymentPostprocessing = 0;
			shellPath = /bin/sh;
			shellScript = "\"${PODS_ROOT}/Target Support Files/Pods-Worky/Pods-Worky-frameworks.sh\"\n";
			showEnvVarsInLog = 0;
		};
		6A1FB99BD12A7411F06FEF6D /* [CP] Check Pods Manifest.lock */ = {
			isa = PBXShellScriptBuildPhase;
			buildActionMask = 2147483647;
			files = (
			);
			inputFileListPaths = (
			);
			inputPaths = (
				"${PODS_PODFILE_DIR_PATH}/Podfile.lock",
				"${PODS_ROOT}/Manifest.lock",
			);
			name = "[CP] Check Pods Manifest.lock";
			outputFileListPaths = (
			);
			outputPaths = (
				"$(DERIVED_FILE_DIR)/Pods-Worky-checkManifestLockResult.txt",
			);
			runOnlyForDeploymentPostprocessing = 0;
			shellPath = /bin/sh;
			shellScript = "diff \"${PODS_PODFILE_DIR_PATH}/Podfile.lock\" \"${PODS_ROOT}/Manifest.lock\" > /dev/null\nif [ $? != 0 ] ; then\n    # print error to STDERR\n    echo \"error: The sandbox is not in sync with the Podfile.lock. Run 'pod install' or update your CocoaPods installation.\" >&2\n    exit 1\nfi\n# This output is used by Xcode 'outputs' to avoid re-running this script phase.\necho \"SUCCESS\" > \"${SCRIPT_OUTPUT_FILE_0}\"\n";
			showEnvVarsInLog = 0;
		};
		D02CFF2422529CD200154C06 /* ShellScript */ = {
			isa = PBXShellScriptBuildPhase;
			buildActionMask = 2147483647;
			files = (
			);
			inputFileListPaths = (
			);
			inputPaths = (
			);
			outputFileListPaths = (
			);
			outputPaths = (
			);
			runOnlyForDeploymentPostprocessing = 0;
			shellPath = /bin/sh;
			shellScript = "\"${PODS_ROOT}/Fabric/run\" ffc277c10a8a13cebf1a31cb70a3d2f1a2e1a211 f34e3f39a832e9bc0885066ce5f9aea4158ad25eb1a3752c2444f42bbf19c50d\n";
		};
/* End PBXShellScriptBuildPhase section */

/* Begin PBXSourcesBuildPhase section */
		D08C901F222B09EC000F7B72 /* Sources */ = {
			isa = PBXSourcesBuildPhase;
			buildActionMask = 2147483647;
			files = (
				D08C9041222B20CF000F7B72 /* TaskListTableViewCell.swift in Sources */,
				D0C6A75722551778001890C5 /* TaskInfoViewController.swift in Sources */,
				D0C6A75D22552DD6001890C5 /* NSObject+Vibration.swift in Sources */,
				D08C9029222B09EC000F7B72 /* TaskListViewController.swift in Sources */,
				D067583C225392DE0071C254 /* HistoryTableViewCell.swift in Sources */,
				D0675832225362530071C254 /* TasksRepo.swift in Sources */,
				D08C902F222B09EC000F7B72 /* Worky.xcdatamodeld in Sources */,
				D02CFF262252A4FA00154C06 /* UIColor+DefineColors.swift in Sources */,
				D0675830225361690071C254 /* TasksDAO.swift in Sources */,
				D05632E5224040CE0062AD23 /* TimeInterval+TimeFormat.swift in Sources */,
				D0C6A75B2255255B001890C5 /* BaseDAO.swift in Sources */,
				D06758282252B28D0071C254 /* UIViewController+Alerts.swift in Sources */,
				D0675838225384780071C254 /* TaskDetailsViewModel.swift in Sources */,
				D0303EB2223ED89700F090CA /* TaskDetailsViewController.swift in Sources */,
				D08C9027222B09EC000F7B72 /* AppDelegate.swift in Sources */,
				D0C6A75922551830001890C5 /* TaskInfoViewModel.swift in Sources */,
				D021083B223F988600D9C8F8 /* TaskListViewModel.swift in Sources */,
				D0675834225363310071C254 /* DBInterface.swift in Sources */,
			);
			runOnlyForDeploymentPostprocessing = 0;
		};
/* End PBXSourcesBuildPhase section */

/* Begin PBXVariantGroup section */
		D08C902A222B09EC000F7B72 /* Main.storyboard */ = {
			isa = PBXVariantGroup;
			children = (
				D08C902B222B09EC000F7B72 /* Base */,
			);
			name = Main.storyboard;
			sourceTree = "<group>";
		};
		D08C9032222B09EC000F7B72 /* LaunchScreen.storyboard */ = {
			isa = PBXVariantGroup;
			children = (
				D08C9033222B09EC000F7B72 /* Base */,
			);
			name = LaunchScreen.storyboard;
			sourceTree = "<group>";
		};
/* End PBXVariantGroup section */

/* Begin XCBuildConfiguration section */
		D08C9036222B09EC000F7B72 /* Debug */ = {
			isa = XCBuildConfiguration;
			buildSettings = {
				ALWAYS_SEARCH_USER_PATHS = NO;
				CLANG_ANALYZER_NONNULL = YES;
				CLANG_ANALYZER_NUMBER_OBJECT_CONVERSION = YES_AGGRESSIVE;
				CLANG_CXX_LANGUAGE_STANDARD = "gnu++14";
				CLANG_CXX_LIBRARY = "libc++";
				CLANG_ENABLE_MODULES = YES;
				CLANG_ENABLE_OBJC_ARC = YES;
				CLANG_ENABLE_OBJC_WEAK = YES;
				CLANG_WARN_BLOCK_CAPTURE_AUTORELEASING = YES;
				CLANG_WARN_BOOL_CONVERSION = YES;
				CLANG_WARN_COMMA = YES;
				CLANG_WARN_CONSTANT_CONVERSION = YES;
				CLANG_WARN_DEPRECATED_OBJC_IMPLEMENTATIONS = YES;
				CLANG_WARN_DIRECT_OBJC_ISA_USAGE = YES_ERROR;
				CLANG_WARN_DOCUMENTATION_COMMENTS = YES;
				CLANG_WARN_EMPTY_BODY = YES;
				CLANG_WARN_ENUM_CONVERSION = YES;
				CLANG_WARN_INFINITE_RECURSION = YES;
				CLANG_WARN_INT_CONVERSION = YES;
				CLANG_WARN_NON_LITERAL_NULL_CONVERSION = YES;
				CLANG_WARN_OBJC_IMPLICIT_RETAIN_SELF = YES;
				CLANG_WARN_OBJC_LITERAL_CONVERSION = YES;
				CLANG_WARN_OBJC_ROOT_CLASS = YES_ERROR;
				CLANG_WARN_RANGE_LOOP_ANALYSIS = YES;
				CLANG_WARN_STRICT_PROTOTYPES = YES;
				CLANG_WARN_SUSPICIOUS_MOVE = YES;
				CLANG_WARN_UNGUARDED_AVAILABILITY = YES_AGGRESSIVE;
				CLANG_WARN_UNREACHABLE_CODE = YES;
				CLANG_WARN__DUPLICATE_METHOD_MATCH = YES;
				CODE_SIGN_IDENTITY = "iPhone Developer";
				COPY_PHASE_STRIP = NO;
				DEBUG_INFORMATION_FORMAT = dwarf;
				ENABLE_STRICT_OBJC_MSGSEND = YES;
				ENABLE_TESTABILITY = YES;
				GCC_C_LANGUAGE_STANDARD = gnu11;
				GCC_DYNAMIC_NO_PIC = NO;
				GCC_NO_COMMON_BLOCKS = YES;
				GCC_OPTIMIZATION_LEVEL = 0;
				GCC_PREPROCESSOR_DEFINITIONS = (
					"DEBUG=1",
					"$(inherited)",
				);
				GCC_WARN_64_TO_32_BIT_CONVERSION = YES;
				GCC_WARN_ABOUT_RETURN_TYPE = YES_ERROR;
				GCC_WARN_UNDECLARED_SELECTOR = YES;
				GCC_WARN_UNINITIALIZED_AUTOS = YES_AGGRESSIVE;
				GCC_WARN_UNUSED_FUNCTION = YES;
				GCC_WARN_UNUSED_VARIABLE = YES;
				IPHONEOS_DEPLOYMENT_TARGET = 12.1;
				MTL_ENABLE_DEBUG_INFO = INCLUDE_SOURCE;
				MTL_FAST_MATH = YES;
				ONLY_ACTIVE_ARCH = YES;
				SDKROOT = iphoneos;
				SWIFT_ACTIVE_COMPILATION_CONDITIONS = DEBUG;
				SWIFT_OPTIMIZATION_LEVEL = "-Onone";
			};
			name = Debug;
		};
		D08C9037222B09EC000F7B72 /* Release */ = {
			isa = XCBuildConfiguration;
			buildSettings = {
				ALWAYS_SEARCH_USER_PATHS = NO;
				CLANG_ANALYZER_NONNULL = YES;
				CLANG_ANALYZER_NUMBER_OBJECT_CONVERSION = YES_AGGRESSIVE;
				CLANG_CXX_LANGUAGE_STANDARD = "gnu++14";
				CLANG_CXX_LIBRARY = "libc++";
				CLANG_ENABLE_MODULES = YES;
				CLANG_ENABLE_OBJC_ARC = YES;
				CLANG_ENABLE_OBJC_WEAK = YES;
				CLANG_WARN_BLOCK_CAPTURE_AUTORELEASING = YES;
				CLANG_WARN_BOOL_CONVERSION = YES;
				CLANG_WARN_COMMA = YES;
				CLANG_WARN_CONSTANT_CONVERSION = YES;
				CLANG_WARN_DEPRECATED_OBJC_IMPLEMENTATIONS = YES;
				CLANG_WARN_DIRECT_OBJC_ISA_USAGE = YES_ERROR;
				CLANG_WARN_DOCUMENTATION_COMMENTS = YES;
				CLANG_WARN_EMPTY_BODY = YES;
				CLANG_WARN_ENUM_CONVERSION = YES;
				CLANG_WARN_INFINITE_RECURSION = YES;
				CLANG_WARN_INT_CONVERSION = YES;
				CLANG_WARN_NON_LITERAL_NULL_CONVERSION = YES;
				CLANG_WARN_OBJC_IMPLICIT_RETAIN_SELF = YES;
				CLANG_WARN_OBJC_LITERAL_CONVERSION = YES;
				CLANG_WARN_OBJC_ROOT_CLASS = YES_ERROR;
				CLANG_WARN_RANGE_LOOP_ANALYSIS = YES;
				CLANG_WARN_STRICT_PROTOTYPES = YES;
				CLANG_WARN_SUSPICIOUS_MOVE = YES;
				CLANG_WARN_UNGUARDED_AVAILABILITY = YES_AGGRESSIVE;
				CLANG_WARN_UNREACHABLE_CODE = YES;
				CLANG_WARN__DUPLICATE_METHOD_MATCH = YES;
				CODE_SIGN_IDENTITY = "iPhone Developer";
				COPY_PHASE_STRIP = NO;
				DEBUG_INFORMATION_FORMAT = "dwarf-with-dsym";
				ENABLE_NS_ASSERTIONS = NO;
				ENABLE_STRICT_OBJC_MSGSEND = YES;
				GCC_C_LANGUAGE_STANDARD = gnu11;
				GCC_NO_COMMON_BLOCKS = YES;
				GCC_WARN_64_TO_32_BIT_CONVERSION = YES;
				GCC_WARN_ABOUT_RETURN_TYPE = YES_ERROR;
				GCC_WARN_UNDECLARED_SELECTOR = YES;
				GCC_WARN_UNINITIALIZED_AUTOS = YES_AGGRESSIVE;
				GCC_WARN_UNUSED_FUNCTION = YES;
				GCC_WARN_UNUSED_VARIABLE = YES;
				IPHONEOS_DEPLOYMENT_TARGET = 12.1;
				MTL_ENABLE_DEBUG_INFO = NO;
				MTL_FAST_MATH = YES;
				SDKROOT = iphoneos;
				SWIFT_COMPILATION_MODE = wholemodule;
				SWIFT_OPTIMIZATION_LEVEL = "-O";
				VALIDATE_PRODUCT = YES;
			};
			name = Release;
		};
		D08C9039222B09EC000F7B72 /* Debug */ = {
			isa = XCBuildConfiguration;
			baseConfigurationReference = 4C9F35764EC8A6C530458F82 /* Pods-Worky.debug.xcconfig */;
			buildSettings = {
				ASSETCATALOG_COMPILER_APPICON_NAME = AppIcon;
				CODE_SIGN_IDENTITY = "iPhone Developer";
				CODE_SIGN_STYLE = Automatic;
				DEVELOPMENT_TEAM = ELDYT74352;
				INFOPLIST_FILE = Worky/Info.plist;
				IPHONEOS_DEPLOYMENT_TARGET = 12.1;
				LD_RUNPATH_SEARCH_PATHS = (
					"$(inherited)",
					"@executable_path/Frameworks",
				);
				PRODUCT_BUNDLE_IDENTIFIER = com.fdev.workytimer;
				PRODUCT_NAME = "$(TARGET_NAME)";
				PROVISIONING_PROFILE_SPECIFIER = "";
				SWIFT_VERSION = 4.2;
				TARGETED_DEVICE_FAMILY = "1,2";
			};
			name = Debug;
		};
		D08C903A222B09EC000F7B72 /* Release */ = {
			isa = XCBuildConfiguration;
			baseConfigurationReference = 345B961FD20EA2E84750851E /* Pods-Worky.release.xcconfig */;
			buildSettings = {
				ASSETCATALOG_COMPILER_APPICON_NAME = AppIcon;
				CODE_SIGN_IDENTITY = "iPhone Developer";
				CODE_SIGN_STYLE = Automatic;
				DEVELOPMENT_TEAM = ELDYT74352;
				INFOPLIST_FILE = Worky/Info.plist;
				IPHONEOS_DEPLOYMENT_TARGET = 12.1;
				LD_RUNPATH_SEARCH_PATHS = (
					"$(inherited)",
					"@executable_path/Frameworks",
				);
				PRODUCT_BUNDLE_IDENTIFIER = com.fdev.workytimer;
				PRODUCT_NAME = "$(TARGET_NAME)";
				PROVISIONING_PROFILE_SPECIFIER = "";
				SWIFT_VERSION = 4.2;
				TARGETED_DEVICE_FAMILY = "1,2";
			};
			name = Release;
		};
/* End XCBuildConfiguration section */

/* Begin XCConfigurationList section */
		D08C901E222B09EC000F7B72 /* Build configuration list for PBXProject "Worky" */ = {
			isa = XCConfigurationList;
			buildConfigurations = (
				D08C9036222B09EC000F7B72 /* Debug */,
				D08C9037222B09EC000F7B72 /* Release */,
			);
			defaultConfigurationIsVisible = 0;
			defaultConfigurationName = Release;
		};
		D08C9038222B09EC000F7B72 /* Build configuration list for PBXNativeTarget "Worky" */ = {
			isa = XCConfigurationList;
			buildConfigurations = (
				D08C9039222B09EC000F7B72 /* Debug */,
				D08C903A222B09EC000F7B72 /* Release */,
			);
			defaultConfigurationIsVisible = 0;
			defaultConfigurationName = Release;
		};
/* End XCConfigurationList section */

/* Begin XCVersionGroup section */
		D08C902D222B09EC000F7B72 /* Worky.xcdatamodeld */ = {
			isa = XCVersionGroup;
			children = (
				D08C902E222B09EC000F7B72 /* Worky.xcdatamodel */,
			);
			currentVersion = D08C902E222B09EC000F7B72 /* Worky.xcdatamodel */;
			path = Worky.xcdatamodeld;
			sourceTree = "<group>";
			versionGroupType = wrapper.xcdatamodel;
		};
/* End XCVersionGroup section */
	};
	rootObject = D08C901B222B09EC000F7B72 /* Project object */;
}
