// !$*UTF8*$!
{
	archiveVersion = 1;
	classes = {
	};
	objectVersion = 50;
	objects = {

/* Begin PBXBuildFile section */
		D08C9027222B09EC000F7B72 /* AppDelegate.swift in Sources */ = {isa = PBXBuildFile; fileRef = D08C9026222B09EC000F7B72 /* AppDelegate.swift */; };
		D08C9029222B09EC000F7B72 /* ViewController.swift in Sources */ = {isa = PBXBuildFile; fileRef = D08C9028222B09EC000F7B72 /* ViewController.swift */; };
		D08C902C222B09EC000F7B72 /* Main.storyboard in Resources */ = {isa = PBXBuildFile; fileRef = D08C902A222B09EC000F7B72 /* Main.storyboard */; };
		D08C902F222B09EC000F7B72 /* Worky.xcdatamodeld in Sources */ = {isa = PBXBuildFile; fileRef = D08C902D222B09EC000F7B72 /* Worky.xcdatamodeld */; };
		D08C9031222B09EC000F7B72 /* Assets.xcassets in Resources */ = {isa = PBXBuildFile; fileRef = D08C9030222B09EC000F7B72 /* Assets.xcassets */; };
		D08C9034222B09EC000F7B72 /* LaunchScreen.storyboard in Resources */ = {isa = PBXBuildFile; fileRef = D08C9032222B09EC000F7B72 /* LaunchScreen.storyboard */; };
/* End PBXBuildFile section */

/* Begin PBXFileReference section */
		D08C9023222B09EC000F7B72 /* Worky.app */ = {isa = PBXFileReference; explicitFileType = wrapper.application; includeInIndex = 0; path = Worky.app; sourceTree = BUILT_PRODUCTS_DIR; };
		D08C9026222B09EC000F7B72 /* AppDelegate.swift */ = {isa = PBXFileReference; lastKnownFileType = sourcecode.swift; path = AppDelegate.swift; sourceTree = "<group>"; };
		D08C9028222B09EC000F7B72 /* ViewController.swift */ = {isa = PBXFileReference; lastKnownFileType = sourcecode.swift; path = ViewController.swift; sourceTree = "<group>"; };
		D08C902B222B09EC000F7B72 /* Base */ = {isa = PBXFileReference; lastKnownFileType = file.storyboard; name = Base; path = Base.lproj/Main.storyboard; sourceTree = "<group>"; };
		D08C902E222B09EC000F7B72 /* Worky.xcdatamodel */ = {isa = PBXFileReference; lastKnownFileType = wrapper.xcdatamodel; path = Worky.xcdatamodel; sourceTree = "<group>"; };
		D08C9030222B09EC000F7B72 /* Assets.xcassets */ = {isa = PBXFileReference; lastKnownFileType = folder.assetcatalog; path = Assets.xcassets; sourceTree = "<group>"; };
		D08C9033222B09EC000F7B72 /* Base */ = {isa = PBXFileReference; lastKnownFileType = file.storyboard; name = Base; path = Base.lproj/LaunchScreen.storyboard; sourceTree = "<group>"; };
		D08C9035222B09EC000F7B72 /* Info.plist */ = {isa = PBXFileReference; lastKnownFileType = text.plist.xml; path = Info.plist; sourceTree = "<group>"; };
/* End PBXFileReference section */

/* Begin PBXFrameworksBuildPhase section */
		D08C9020222B09EC000F7B72 /* Frameworks */ = {
			isa = PBXFrameworksBuildPhase;
			buildActionMask = 2147483647;
			files = (
			);
			runOnlyForDeploymentPostprocessing = 0;
		};
/* End PBXFrameworksBuildPhase section */

/* Begin PBXGroup section */
		D08C901A222B09EC000F7B72 = {
			isa = PBXGroup;
			children = (
				D08C9025222B09EC000F7B72 /* Worky */,
				D08C9024222B09EC000F7B72 /* Products */,
			);
			sourceTree = "<group>";
		};
		D08C9024222B09EC000F7B72 /* Products */ = {
			isa = PBXGroup;
			children = (
				D08C9023222B09EC000F7B72 /* Worky.app */,
			);
			name = Products;
			sourceTree = "<group>";
		};
		D08C9025222B09EC000F7B72 /* Worky */ = {
			isa = PBXGroup;
			children = (
				D08C9026222B09EC000F7B72 /* AppDelegate.swift */,
				D08C9028222B09EC000F7B72 /* ViewController.swift */,
				D08C902A222B09EC000F7B72 /* Main.storyboard */,
				D08C9030222B09EC000F7B72 /* Assets.xcassets */,
				D08C9032222B09EC000F7B72 /* LaunchScreen.storyboard */,
				D08C9035222B09EC000F7B72 /* Info.plist */,
				D08C902D222B09EC000F7B72 /* Worky.xcdatamodeld */,
			);
			path = Worky;
			sourceTree = "<group>";
		};
/* End PBXGroup section */

/* Begin PBXNativeTarget section */
		D08C9022222B09EC000F7B72 /* Worky */ = {
			isa = PBXNativeTarget;
			buildConfigurationList = D08C9038222B09EC000F7B72 /* Build configuration list for PBXNativeTarget "Worky" */;
			buildPhases = (
				D08C901F222B09EC000F7B72 /* Sources */,
				D08C9020222B09EC000F7B72 /* Frameworks */,
				D08C9021222B09EC000F7B72 /* Resources */,
			);
			buildRules = (
			);
			dependencies = (
			);
			name = Worky;
			productName = Worky;
			productReference = D08C9023222B09EC000F7B72 /* Worky.app */;
			productType = "com.apple.product-type.application";
		};
/* End PBXNativeTarget section */

/* Begin PBXProject section */
		D08C901B222B09EC000F7B72 /* Project object */ = {
			isa = PBXProject;
			attributes = {
				LastSwiftUpdateCheck = 1010;
				LastUpgradeCheck = 1010;
				ORGANIZATIONNAME = "F Developers";
				TargetAttributes = {
					D08C9022222B09EC000F7B72 = {
						CreatedOnToolsVersion = 10.1;
					};
				};
			};
			buildConfigurationList = D08C901E222B09EC000F7B72 /* Build configuration list for PBXProject "Worky" */;
			compatibilityVersion = "Xcode 9.3";
			developmentRegion = en;
			hasScannedForEncodings = 0;
			knownRegions = (
				en,
				Base,
			);
			mainGroup = D08C901A222B09EC000F7B72;
			productRefGroup = D08C9024222B09EC000F7B72 /* Products */;
			projectDirPath = "";
			projectRoot = "";
			targets = (
				D08C9022222B09EC000F7B72 /* Worky */,
			);
		};
/* End PBXProject section */

/* Begin PBXResourcesBuildPhase section */
		D08C9021222B09EC000F7B72 /* Resources */ = {
			isa = PBXResourcesBuildPhase;
			buildActionMask = 2147483647;
			files = (
				D08C9034222B09EC000F7B72 /* LaunchScreen.storyboard in Resources */,
				D08C9031222B09EC000F7B72 /* Assets.xcassets in Resources */,
				D08C902C222B09EC000F7B72 /* Main.storyboard in Resources */,
			);
			runOnlyForDeploymentPostprocessing = 0;
		};
/* End PBXResourcesBuildPhase section */

/* Begin PBXSourcesBuildPhase section */
		D08C901F222B09EC000F7B72 /* Sources */ = {
			isa = PBXSourcesBuildPhase;
			buildActionMask = 2147483647;
			files = (
				D08C9029222B09EC000F7B72 /* ViewController.swift in Sources */,
				D08C902F222B09EC000F7B72 /* Worky.xcdatamodeld in Sources */,
				D08C9027222B09EC000F7B72 /* AppDelegate.swift in Sources */,
			);
			runOnlyForDeploymentPostprocessing = 0;
		};
/* End PBXSourcesBuildPhase section */

/* Begin PBXVariantGroup section */
		D08C902A222B09EC000F7B72 /* Main.storyboard */ = {
			isa = PBXVariantGroup;
			children = (
				D08C902B222B09EC000F7B72 /* Base */,
			);
			name = Main.storyboard;
			sourceTree = "<group>";
		};
		D08C9032222B09EC000F7B72 /* LaunchScreen.storyboard */ = {
			isa = PBXVariantGroup;
			children = (
				D08C9033222B09EC000F7B72 /* Base */,
			);
			name = LaunchScreen.storyboard;
			sourceTree = "<group>";
		};
/* End PBXVariantGroup section */

/* Begin XCBuildConfiguration section */
		D08C9036222B09EC000F7B72 /* Debug */ = {
			isa = XCBuildConfiguration;
			buildSettings = {
				ALWAYS_SEARCH_USER_PATHS = NO;
				CLANG_ANALYZER_NONNULL = YES;
				CLANG_ANALYZER_NUMBER_OBJECT_CONVERSION = YES_AGGRESSIVE;
				CLANG_CXX_LANGUAGE_STANDARD = "gnu++14";
				CLANG_CXX_LIBRARY = "libc++";
				CLANG_ENABLE_MODULES = YES;
				CLANG_ENABLE_OBJC_ARC = YES;
				CLANG_ENABLE_OBJC_WEAK = YES;
				CLANG_WARN_BLOCK_CAPTURE_AUTORELEASING = YES;
				CLANG_WARN_BOOL_CONVERSION = YES;
				CLANG_WARN_COMMA = YES;
				CLANG_WARN_CONSTANT_CONVERSION = YES;
				CLANG_WARN_DEPRECATED_OBJC_IMPLEMENTATIONS = YES;
				CLANG_WARN_DIRECT_OBJC_ISA_USAGE = YES_ERROR;
				CLANG_WARN_DOCUMENTATION_COMMENTS = YES;
				CLANG_WARN_EMPTY_BODY = YES;
				CLANG_WARN_ENUM_CONVERSION = YES;
				CLANG_WARN_INFINITE_RECURSION = YES;
				CLANG_WARN_INT_CONVERSION = YES;
				CLANG_WARN_NON_LITERAL_NULL_CONVERSION = YES;
				CLANG_WARN_OBJC_IMPLICIT_RETAIN_SELF = YES;
				CLANG_WARN_OBJC_LITERAL_CONVERSION = YES;
				CLANG_WARN_OBJC_ROOT_CLASS = YES_ERROR;
				CLANG_WARN_RANGE_LOOP_ANALYSIS = YES;
				CLANG_WARN_STRICT_PROTOTYPES = YES;
				CLANG_WARN_SUSPICIOUS_MOVE = YES;
				CLANG_WARN_UNGUARDED_AVAILABILITY = YES_AGGRESSIVE;
				CLANG_WARN_UNREACHABLE_CODE = YES;
				CLANG_WARN__DUPLICATE_METHOD_MATCH = YES;
				CODE_SIGN_IDENTITY = "iPhone Developer";
				COPY_PHASE_STRIP = NO;
				DEBUG_INFORMATION_FORMAT = dwarf;
				ENABLE_STRICT_OBJC_MSGSEND = YES;
				ENABLE_TESTABILITY = YES;
				GCC_C_LANGUAGE_STANDARD = gnu11;
				GCC_DYNAMIC_NO_PIC = NO;
				GCC_NO_COMMON_BLOCKS = YES;
				GCC_OPTIMIZATION_LEVEL = 0;
				GCC_PREPROCESSOR_DEFINITIONS = (
					"DEBUG=1",
					"$(inherited)",
				);
				GCC_WARN_64_TO_32_BIT_CONVERSION = YES;
				GCC_WARN_ABOUT_RETURN_TYPE = YES_ERROR;
				GCC_WARN_UNDECLARED_SELECTOR = YES;
				GCC_WARN_UNINITIALIZED_AUTOS = YES_AGGRESSIVE;
				GCC_WARN_UNUSED_FUNCTION = YES;
				GCC_WARN_UNUSED_VARIABLE = YES;
				IPHONEOS_DEPLOYMENT_TARGET = 12.1;
				MTL_ENABLE_DEBUG_INFO = INCLUDE_SOURCE;
				MTL_FAST_MATH = YES;
				ONLY_ACTIVE_ARCH = YES;
				SDKROOT = iphoneos;
				SWIFT_ACTIVE_COMPILATION_CONDITIONS = DEBUG;
				SWIFT_OPTIMIZATION_LEVEL = "-Onone";
			};
			name = Debug;
		};
		D08C9037222B09EC000F7B72 /* Release */ = {
			isa = XCBuildConfiguration;
			buildSettings = {
				ALWAYS_SEARCH_USER_PATHS = NO;
				CLANG_ANALYZER_NONNULL = YES;
				CLANG_ANALYZER_NUMBER_OBJECT_CONVERSION = YES_AGGRESSIVE;
				CLANG_CXX_LANGUAGE_STANDARD = "gnu++14";
				CLANG_CXX_LIBRARY = "libc++";
				CLANG_ENABLE_MODULES = YES;
				CLANG_ENABLE_OBJC_ARC = YES;
				CLANG_ENABLE_OBJC_WEAK = YES;
				CLANG_WARN_BLOCK_CAPTURE_AUTORELEASING = YES;
				CLANG_WARN_BOOL_CONVERSION = YES;
				CLANG_WARN_COMMA = YES;
				CLANG_WARN_CONSTANT_CONVERSION = YES;
				CLANG_WARN_DEPRECATED_OBJC_IMPLEMENTATIONS = YES;
				CLANG_WARN_DIRECT_OBJC_ISA_USAGE = YES_ERROR;
				CLANG_WARN_DOCUMENTATION_COMMENTS = YES;
				CLANG_WARN_EMPTY_BODY = YES;
				CLANG_WARN_ENUM_CONVERSION = YES;
				CLANG_WARN_INFINITE_RECURSION = YES;
				CLANG_WARN_INT_CONVERSION = YES;
				CLANG_WARN_NON_LITERAL_NULL_CONVERSION = YES;
				CLANG_WARN_OBJC_IMPLICIT_RETAIN_SELF = YES;
				CLANG_WARN_OBJC_LITERAL_CONVERSION = YES;
				CLANG_WARN_OBJC_ROOT_CLASS = YES_ERROR;
				CLANG_WARN_RANGE_LOOP_ANALYSIS = YES;
				CLANG_WARN_STRICT_PROTOTYPES = YES;
				CLANG_WARN_SUSPICIOUS_MOVE = YES;
				CLANG_WARN_UNGUARDED_AVAILABILITY = YES_AGGRESSIVE;
				CLANG_WARN_UNREACHABLE_CODE = YES;
				CLANG_WARN__DUPLICATE_METHOD_MATCH = YES;
				CODE_SIGN_IDENTITY = "iPhone Developer";
				COPY_PHASE_STRIP = NO;
				DEBUG_INFORMATION_FORMAT = "dwarf-with-dsym";
				ENABLE_NS_ASSERTIONS = NO;
				ENABLE_STRICT_OBJC_MSGSEND = YES;
				GCC_C_LANGUAGE_STANDARD = gnu11;
				GCC_NO_COMMON_BLOCKS = YES;
				GCC_WARN_64_TO_32_BIT_CONVERSION = YES;
				GCC_WARN_ABOUT_RETURN_TYPE = YES_ERROR;
				GCC_WARN_UNDECLARED_SELECTOR = YES;
				GCC_WARN_UNINITIALIZED_AUTOS = YES_AGGRESSIVE;
				GCC_WARN_UNUSED_FUNCTION = YES;
				GCC_WARN_UNUSED_VARIABLE = YES;
				IPHONEOS_DEPLOYMENT_TARGET = 12.1;
				MTL_ENABLE_DEBUG_INFO = NO;
				MTL_FAST_MATH = YES;
				SDKROOT = iphoneos;
				SWIFT_COMPILATION_MODE = wholemodule;
				SWIFT_OPTIMIZATION_LEVEL = "-O";
				VALIDATE_PRODUCT = YES;
			};
			name = Release;
		};
		D08C9039222B09EC000F7B72 /* Debug */ = {
			isa = XCBuildConfiguration;
			buildSettings = {
				ASSETCATALOG_COMPILER_APPICON_NAME = AppIcon;
				CODE_SIGN_STYLE = Automatic;
				DEVELOPMENT_TEAM = ELDYT74352;
				INFOPLIST_FILE = Worky/Info.plist;
				LD_RUNPATH_SEARCH_PATHS = (
					"$(inherited)",
					"@executable_path/Frameworks",
				);
				PRODUCT_BUNDLE_IDENTIFIER = com.fdev.Worky;
				PRODUCT_NAME = "$(TARGET_NAME)";
				SWIFT_VERSION = 4.2;
				TARGETED_DEVICE_FAMILY = "1,2";
			};
			name = Debug;
		};
		D08C903A222B09EC000F7B72 /* Release */ = {
			isa = XCBuildConfiguration;
			buildSettings = {
				ASSETCATALOG_COMPILER_APPICON_NAME = AppIcon;
				CODE_SIGN_STYLE = Automatic;
				DEVELOPMENT_TEAM = ELDYT74352;
				INFOPLIST_FILE = Worky/Info.plist;
				LD_RUNPATH_SEARCH_PATHS = (
					"$(inherited)",
					"@executable_path/Frameworks",
				);
				PRODUCT_BUNDLE_IDENTIFIER = com.fdev.Worky;
				PRODUCT_NAME = "$(TARGET_NAME)";
				SWIFT_VERSION = 4.2;
				TARGETED_DEVICE_FAMILY = "1,2";
			};
			name = Release;
		};
/* End XCBuildConfiguration section */

/* Begin XCConfigurationList section */
		D08C901E222B09EC000F7B72 /* Build configuration list for PBXProject "Worky" */ = {
			isa = XCConfigurationList;
			buildConfigurations = (
				D08C9036222B09EC000F7B72 /* Debug */,
				D08C9037222B09EC000F7B72 /* Release */,
			);
			defaultConfigurationIsVisible = 0;
			defaultConfigurationName = Release;
		};
		D08C9038222B09EC000F7B72 /* Build configuration list for PBXNativeTarget "Worky" */ = {
			isa = XCConfigurationList;
			buildConfigurations = (
				D08C9039222B09EC000F7B72 /* Debug */,
				D08C903A222B09EC000F7B72 /* Release */,
			);
			defaultConfigurationIsVisible = 0;
			defaultConfigurationName = Release;
		};
/* End XCConfigurationList section */

/* Begin XCVersionGroup section */
		D08C902D222B09EC000F7B72 /* Worky.xcdatamodeld */ = {
			isa = XCVersionGroup;
			children = (
				D08C902E222B09EC000F7B72 /* Worky.xcdatamodel */,
			);
			currentVersion = D08C902E222B09EC000F7B72 /* Worky.xcdatamodel */;
			path = Worky.xcdatamodeld;
			sourceTree = "<group>";
			versionGroupType = wrapper.xcdatamodel;
		};
/* End XCVersionGroup section */
	};
	rootObject = D08C901B222B09EC000F7B72 /* Project object */;
}
